
Microsoft Visual Studio Solution File, Format Version 12.00
# Visual Studio Version 17
VisualStudioVersion = 17.8.34511.84
MinimumVisualStudioVersion = 10.0.40219.1
Project("{FAE04EC0-301F-11D3-BF4B-00C04F79EFBC}") = "Dll", "Dll\Dll.csproj", "{10E73A3C-8090-42A2-AEE5-CA907B3088E4}"
EndProject
Global
	GlobalSection(SolutionConfigurationPlatforms) = preSolution
		Debug|Any CPU = Debug|Any CPU
		Release|Any CPU = Release|Any CPU
	EndGlobalSection
	GlobalSection(ProjectConfigurationPlatforms) = postSolution
		{10E73A3C-8090-42A2-AEE5-CA907B3088E4}.Debug|Any CPU.ActiveCfg = Debug|Any CPU
		{10E73A3C-8090-42A2-AEE5-CA907B3088E4}.Debug|Any CPU.Build.0 = Debug|Any CPU
		{10E73A3C-8090-42A2-AEE5-CA907B3088E4}.Release|Any CPU.ActiveCfg = Release|Any CPU
		{10E73A3C-8090-42A2-AEE5-CA907B3088E4}.Release|Any CPU.Build.0 = Release|Any CPU
	EndGlobalSection
	GlobalSection(SolutionProperties) = preSolution
		HideSolutionNode = FALSE
	EndGlobalSection
	GlobalSection(ExtensibilityGlobals) = postSolution
		SolutionGuid = {0D5F4B3A-22F5-41B2-B032-D4287370103C}
	EndGlobalSection
EndGlobal
